
Microsoft Visual Studio Solution File, Format Version 12.00
# Visual Studio Version 17
VisualStudioVersion = 17.0.31903.59
MinimumVisualStudioVersion = 10.0.40219.1
Project("{2150E333-8FDC-42A3-9474-1A3956D46DE8}") = "backend", "backend", "{1AE8ACA6-933B-BF2A-3671-3E2EAC007D16}"
EndProject
Project("{2150E333-8FDC-42A3-9474-1A3956D46DE8}") = "src", "src", "{0F9113EE-888A-26D2-68B0-4A7D0A2A8745}"
EndProject
Project("{FAE04EC0-301F-11D3-BF4B-00C04F79EFBC}") = "CVAnalysis.Domain", "backend\src\CVAnalysis.Domain\CVAnalysis.Domain.csproj", "{2B610E3C-C078-44A1-B99D-4706D4A907EF}"
EndProject
Project("{FAE04EC0-301F-11D3-BF4B-00C04F79EFBC}") = "CVAnalysis.Application", "backend\src\CVAnalysis.Application\CVAnalysis.Application.csproj", "{F33A3128-7057-4D59-B061-52058B54A2C9}"
EndProject
Project("{FAE04EC0-301F-11D3-BF4B-00C04F79EFBC}") = "CVAnalysis.Infrastructure", "backend\src\CVAnalysis.Infrastructure\CVAnalysis.Infrastructure.csproj", "{3A8CCC5C-EFC2-48CD-91E1-A3AED1653B7F}"
EndProject
Project("{FAE04EC0-301F-11D3-BF4B-00C04F79EFBC}") = "CVAnalysis.WebApi", "backend\src\CVAnalysis.WebApi\CVAnalysis.WebApi.csproj", "{C3392A0F-F191-4461-96DE-4AB32D1AC04B}"
EndProject
Global
	GlobalSection(SolutionConfigurationPlatforms) = preSolution
		Debug|Any CPU = Debug|Any CPU
		Debug|x64 = Debug|x64
		Debug|x86 = Debug|x86
		Release|Any CPU = Release|Any CPU
		Release|x64 = Release|x64
		Release|x86 = Release|x86
	EndGlobalSection
	GlobalSection(ProjectConfigurationPlatforms) = postSolution
		{2B610E3C-C078-44A1-B99D-4706D4A907EF}.Debug|Any CPU.ActiveCfg = Debug|Any CPU
		{2B610E3C-C078-44A1-B99D-4706D4A907EF}.Debug|Any CPU.Build.0 = Debug|Any CPU
		{2B610E3C-C078-44A1-B99D-4706D4A907EF}.Debug|x64.ActiveCfg = Debug|Any CPU
		{2B610E3C-C078-44A1-B99D-4706D4A907EF}.Debug|x64.Build.0 = Debug|Any CPU
		{2B610E3C-C078-44A1-B99D-4706D4A907EF}.Debug|x86.ActiveCfg = Debug|Any CPU
		{2B610E3C-C078-44A1-B99D-4706D4A907EF}.Debug|x86.Build.0 = Debug|Any CPU
		{2B610E3C-C078-44A1-B99D-4706D4A907EF}.Release|Any CPU.ActiveCfg = Release|Any CPU
		{2B610E3C-C078-44A1-B99D-4706D4A907EF}.Release|Any CPU.Build.0 = Release|Any CPU
		{2B610E3C-C078-44A1-B99D-4706D4A907EF}.Release|x64.ActiveCfg = Release|Any CPU
		{2B610E3C-C078-44A1-B99D-4706D4A907EF}.Release|x64.Build.0 = Release|Any CPU
		{2B610E3C-C078-44A1-B99D-4706D4A907EF}.Release|x86.ActiveCfg = Release|Any CPU
		{2B610E3C-C078-44A1-B99D-4706D4A907EF}.Release|x86.Build.0 = Release|Any CPU
		{F33A3128-7057-4D59-B061-52058B54A2C9}.Debug|Any CPU.ActiveCfg = Debug|Any CPU
		{F33A3128-7057-4D59-B061-52058B54A2C9}.Debug|Any CPU.Build.0 = Debug|Any CPU
		{F33A3128-7057-4D59-B061-52058B54A2C9}.Debug|x64.ActiveCfg = Debug|Any CPU
		{F33A3128-7057-4D59-B061-52058B54A2C9}.Debug|x64.Build.0 = Debug|Any CPU
		{F33A3128-7057-4D59-B061-52058B54A2C9}.Debug|x86.ActiveCfg = Debug|Any CPU
		{F33A3128-7057-4D59-B061-52058B54A2C9}.Debug|x86.Build.0 = Debug|Any CPU
		{F33A3128-7057-4D59-B061-52058B54A2C9}.Release|Any CPU.ActiveCfg = Release|Any CPU
		{F33A3128-7057-4D59-B061-52058B54A2C9}.Release|Any CPU.Build.0 = Release|Any CPU
		{F33A3128-7057-4D59-B061-52058B54A2C9}.Release|x64.ActiveCfg = Release|Any CPU
		{F33A3128-7057-4D59-B061-52058B54A2C9}.Release|x64.Build.0 = Release|Any CPU
		{F33A3128-7057-4D59-B061-52058B54A2C9}.Release|x86.ActiveCfg = Release|Any CPU
		{F33A3128-7057-4D59-B061-52058B54A2C9}.Release|x86.Build.0 = Release|Any CPU
		{3A8CCC5C-EFC2-48CD-91E1-A3AED1653B7F}.Debug|Any CPU.ActiveCfg = Debug|Any CPU
		{3A8CCC5C-EFC2-48CD-91E1-A3AED1653B7F}.Debug|Any CPU.Build.0 = Debug|Any CPU
		{3A8CCC5C-EFC2-48CD-91E1-A3AED1653B7F}.Debug|x64.ActiveCfg = Debug|Any CPU
		{3A8CCC5C-EFC2-48CD-91E1-A3AED1653B7F}.Debug|x64.Build.0 = Debug|Any CPU
		{3A8CCC5C-EFC2-48CD-91E1-A3AED1653B7F}.Debug|x86.ActiveCfg = Debug|Any CPU
		{3A8CCC5C-EFC2-48CD-91E1-A3AED1653B7F}.Debug|x86.Build.0 = Debug|Any CPU
		{3A8CCC5C-EFC2-48CD-91E1-A3AED1653B7F}.Release|Any CPU.ActiveCfg = Release|Any CPU
		{3A8CCC5C-EFC2-48CD-91E1-A3AED1653B7F}.Release|Any CPU.Build.0 = Release|Any CPU
		{3A8CCC5C-EFC2-48CD-91E1-A3AED1653B7F}.Release|x64.ActiveCfg = Release|Any CPU
		{3A8CCC5C-EFC2-48CD-91E1-A3AED1653B7F}.Release|x64.Build.0 = Release|Any CPU
		{3A8CCC5C-EFC2-48CD-91E1-A3AED1653B7F}.Release|x86.ActiveCfg = Release|Any CPU
		{3A8CCC5C-EFC2-48CD-91E1-A3AED1653B7F}.Release|x86.Build.0 = Release|Any CPU
		{C3392A0F-F191-4461-96DE-4AB32D1AC04B}.Debug|Any CPU.ActiveCfg = Debug|Any CPU
		{C3392A0F-F191-4461-96DE-4AB32D1AC04B}.Debug|Any CPU.Build.0 = Debug|Any CPU
		{C3392A0F-F191-4461-96DE-4AB32D1AC04B}.Debug|x64.ActiveCfg = Debug|Any CPU
		{C3392A0F-F191-4461-96DE-4AB32D1AC04B}.Debug|x64.Build.0 = Debug|Any CPU
		{C3392A0F-F191-4461-96DE-4AB32D1AC04B}.Debug|x86.ActiveCfg = Debug|Any CPU
		{C3392A0F-F191-4461-96DE-4AB32D1AC04B}.Debug|x86.Build.0 = Debug|Any CPU
		{C3392A0F-F191-4461-96DE-4AB32D1AC04B}.Release|Any CPU.ActiveCfg = Release|Any CPU
		{C3392A0F-F191-4461-96DE-4AB32D1AC04B}.Release|Any CPU.Build.0 = Release|Any CPU
		{C3392A0F-F191-4461-96DE-4AB32D1AC04B}.Release|x64.ActiveCfg = Release|Any CPU
		{C3392A0F-F191-4461-96DE-4AB32D1AC04B}.Release|x64.Build.0 = Release|Any CPU
		{C3392A0F-F191-4461-96DE-4AB32D1AC04B}.Release|x86.ActiveCfg = Release|Any CPU
		{C3392A0F-F191-4461-96DE-4AB32D1AC04B}.Release|x86.Build.0 = Release|Any CPU
	EndGlobalSection
	GlobalSection(SolutionProperties) = preSolution
		HideSolutionNode = FALSE
	EndGlobalSection
	GlobalSection(NestedProjects) = preSolution
		{0F9113EE-888A-26D2-68B0-4A7D0A2A8745} = {1AE8ACA6-933B-BF2A-3671-3E2EAC007D16}
		{2B610E3C-C078-44A1-B99D-4706D4A907EF} = {0F9113EE-888A-26D2-68B0-4A7D0A2A8745}
		{F33A3128-7057-4D59-B061-52058B54A2C9} = {0F9113EE-888A-26D2-68B0-4A7D0A2A8745}
		{3A8CCC5C-EFC2-48CD-91E1-A3AED1653B7F} = {0F9113EE-888A-26D2-68B0-4A7D0A2A8745}
		{C3392A0F-F191-4461-96DE-4AB32D1AC04B} = {0F9113EE-888A-26D2-68B0-4A7D0A2A8745}
	EndGlobalSection
EndGlobal
