
Microsoft Visual Studio Solution File, Format Version 12.00
# Visual Studio Version 17
VisualStudioVersion = 17.0.31903.59
MinimumVisualStudioVersion = 10.0.40219.1
Project("{2150E333-8FDC-42A3-9474-1A3956D46DE8}") = "src", "src", "{827E0CD3-B72D-47B6-A68D-7590B98EB39B}"
EndProject
Project("{FAE04EC0-301F-11D3-BF4B-00C04F79EFBC}") = "CVAnalysis.Domain", "src\CVAnalysis.Domain\CVAnalysis.Domain.csproj", "{A9B8B7FE-3BA5-4536-BD42-A5126D304666}"
EndProject
Project("{FAE04EC0-301F-11D3-BF4B-00C04F79EFBC}") = "CVAnalysis.Application", "src\CVAnalysis.Application\CVAnalysis.Application.csproj", "{4049126D-EA68-4260-94C9-FA2A3A182DE3}"
EndProject
Project("{FAE04EC0-301F-11D3-BF4B-00C04F79EFBC}") = "CVAnalysis.Infrastructure", "src\CVAnalysis.Infrastructure\CVAnalysis.Infrastructure.csproj", "{543FF3D8-FC94-4361-8C69-5CB055667A85}"
EndProject
Project("{FAE04EC0-301F-11D3-BF4B-00C04F79EFBC}") = "CVAnalysis.WebApi", "src\CVAnalysis.WebApi\CVAnalysis.WebApi.csproj", "{9056EB83-E5B0-4B38-B5EC-B669C72EBB61}"
EndProject
Global
	GlobalSection(SolutionConfigurationPlatforms) = preSolution
		Debug|Any CPU = Debug|Any CPU
		Debug|x64 = Debug|x64
		Debug|x86 = Debug|x86
		Release|Any CPU = Release|Any CPU
		Release|x64 = Release|x64
		Release|x86 = Release|x86
	EndGlobalSection
	GlobalSection(ProjectConfigurationPlatforms) = postSolution
		{A9B8B7FE-3BA5-4536-BD42-A5126D304666}.Debug|Any CPU.ActiveCfg = Debug|Any CPU
		{A9B8B7FE-3BA5-4536-BD42-A5126D304666}.Debug|Any CPU.Build.0 = Debug|Any CPU
		{A9B8B7FE-3BA5-4536-BD42-A5126D304666}.Debug|x64.ActiveCfg = Debug|Any CPU
		{A9B8B7FE-3BA5-4536-BD42-A5126D304666}.Debug|x64.Build.0 = Debug|Any CPU
		{A9B8B7FE-3BA5-4536-BD42-A5126D304666}.Debug|x86.ActiveCfg = Debug|Any CPU
		{A9B8B7FE-3BA5-4536-BD42-A5126D304666}.Debug|x86.Build.0 = Debug|Any CPU
		{A9B8B7FE-3BA5-4536-BD42-A5126D304666}.Release|Any CPU.ActiveCfg = Release|Any CPU
		{A9B8B7FE-3BA5-4536-BD42-A5126D304666}.Release|Any CPU.Build.0 = Release|Any CPU
		{A9B8B7FE-3BA5-4536-BD42-A5126D304666}.Release|x64.ActiveCfg = Release|Any CPU
		{A9B8B7FE-3BA5-4536-BD42-A5126D304666}.Release|x64.Build.0 = Release|Any CPU
		{A9B8B7FE-3BA5-4536-BD42-A5126D304666}.Release|x86.ActiveCfg = Release|Any CPU
		{A9B8B7FE-3BA5-4536-BD42-A5126D304666}.Release|x86.Build.0 = Release|Any CPU
		{4049126D-EA68-4260-94C9-FA2A3A182DE3}.Debug|Any CPU.ActiveCfg = Debug|Any CPU
		{4049126D-EA68-4260-94C9-FA2A3A182DE3}.Debug|Any CPU.Build.0 = Debug|Any CPU
		{4049126D-EA68-4260-94C9-FA2A3A182DE3}.Debug|x64.ActiveCfg = Debug|Any CPU
		{4049126D-EA68-4260-94C9-FA2A3A182DE3}.Debug|x64.Build.0 = Debug|Any CPU
		{4049126D-EA68-4260-94C9-FA2A3A182DE3}.Debug|x86.ActiveCfg = Debug|Any CPU
		{4049126D-EA68-4260-94C9-FA2A3A182DE3}.Debug|x86.Build.0 = Debug|Any CPU
		{4049126D-EA68-4260-94C9-FA2A3A182DE3}.Release|Any CPU.ActiveCfg = Release|Any CPU
		{4049126D-EA68-4260-94C9-FA2A3A182DE3}.Release|Any CPU.Build.0 = Release|Any CPU
		{4049126D-EA68-4260-94C9-FA2A3A182DE3}.Release|x64.ActiveCfg = Release|Any CPU
		{4049126D-EA68-4260-94C9-FA2A3A182DE3}.Release|x64.Build.0 = Release|Any CPU
		{4049126D-EA68-4260-94C9-FA2A3A182DE3}.Release|x86.ActiveCfg = Release|Any CPU
		{4049126D-EA68-4260-94C9-FA2A3A182DE3}.Release|x86.Build.0 = Release|Any CPU
		{543FF3D8-FC94-4361-8C69-5CB055667A85}.Debug|Any CPU.ActiveCfg = Debug|Any CPU
		{543FF3D8-FC94-4361-8C69-5CB055667A85}.Debug|Any CPU.Build.0 = Debug|Any CPU
		{543FF3D8-FC94-4361-8C69-5CB055667A85}.Debug|x64.ActiveCfg = Debug|Any CPU
		{543FF3D8-FC94-4361-8C69-5CB055667A85}.Debug|x64.Build.0 = Debug|Any CPU
		{543FF3D8-FC94-4361-8C69-5CB055667A85}.Debug|x86.ActiveCfg = Debug|Any CPU
		{543FF3D8-FC94-4361-8C69-5CB055667A85}.Debug|x86.Build.0 = Debug|Any CPU
		{543FF3D8-FC94-4361-8C69-5CB055667A85}.Release|Any CPU.ActiveCfg = Release|Any CPU
		{543FF3D8-FC94-4361-8C69-5CB055667A85}.Release|Any CPU.Build.0 = Release|Any CPU
		{543FF3D8-FC94-4361-8C69-5CB055667A85}.Release|x64.ActiveCfg = Release|Any CPU
		{543FF3D8-FC94-4361-8C69-5CB055667A85}.Release|x64.Build.0 = Release|Any CPU
		{543FF3D8-FC94-4361-8C69-5CB055667A85}.Release|x86.ActiveCfg = Release|Any CPU
		{543FF3D8-FC94-4361-8C69-5CB055667A85}.Release|x86.Build.0 = Release|Any CPU
		{9056EB83-E5B0-4B38-B5EC-B669C72EBB61}.Debug|Any CPU.ActiveCfg = Debug|Any CPU
		{9056EB83-E5B0-4B38-B5EC-B669C72EBB61}.Debug|Any CPU.Build.0 = Debug|Any CPU
		{9056EB83-E5B0-4B38-B5EC-B669C72EBB61}.Debug|x64.ActiveCfg = Debug|Any CPU
		{9056EB83-E5B0-4B38-B5EC-B669C72EBB61}.Debug|x64.Build.0 = Debug|Any CPU
		{9056EB83-E5B0-4B38-B5EC-B669C72EBB61}.Debug|x86.ActiveCfg = Debug|Any CPU
		{9056EB83-E5B0-4B38-B5EC-B669C72EBB61}.Debug|x86.Build.0 = Debug|Any CPU
		{9056EB83-E5B0-4B38-B5EC-B669C72EBB61}.Release|Any CPU.ActiveCfg = Release|Any CPU
		{9056EB83-E5B0-4B38-B5EC-B669C72EBB61}.Release|Any CPU.Build.0 = Release|Any CPU
		{9056EB83-E5B0-4B38-B5EC-B669C72EBB61}.Release|x64.ActiveCfg = Release|Any CPU
		{9056EB83-E5B0-4B38-B5EC-B669C72EBB61}.Release|x64.Build.0 = Release|Any CPU
		{9056EB83-E5B0-4B38-B5EC-B669C72EBB61}.Release|x86.ActiveCfg = Release|Any CPU
		{9056EB83-E5B0-4B38-B5EC-B669C72EBB61}.Release|x86.Build.0 = Release|Any CPU
	EndGlobalSection
	GlobalSection(SolutionProperties) = preSolution
		HideSolutionNode = FALSE
	EndGlobalSection
	GlobalSection(NestedProjects) = preSolution
		{A9B8B7FE-3BA5-4536-BD42-A5126D304666} = {827E0CD3-B72D-47B6-A68D-7590B98EB39B}
		{4049126D-EA68-4260-94C9-FA2A3A182DE3} = {827E0CD3-B72D-47B6-A68D-7590B98EB39B}
		{543FF3D8-FC94-4361-8C69-5CB055667A85} = {827E0CD3-B72D-47B6-A68D-7590B98EB39B}
		{9056EB83-E5B0-4B38-B5EC-B669C72EBB61} = {827E0CD3-B72D-47B6-A68D-7590B98EB39B}
	EndGlobalSection
EndGlobal
